
Microsoft Visual Studio Solution File, Format Version 12.00
# Visual Studio Version 16
VisualStudioVersion = 16.0.34601.136
MinimumVisualStudioVersion = 10.0.40219.1
Project("{FAE04EC0-301F-11D3-BF4B-00C04F79EFBC}") = "TDD.lesson3.demoTheoVideo", "TDD.lesson3.demoTheoVideo.csproj", "{4DFEF707-EDFD-402D-81F5-CF10956A8397}"
EndProject
Global
	GlobalSection(SolutionConfigurationPlatforms) = preSolution
		Debug|Any CPU = Debug|Any CPU
		Release|Any CPU = Release|Any CPU
	EndGlobalSection
	GlobalSection(ProjectConfigurationPlatforms) = postSolution
		{4DFEF707-EDFD-402D-81F5-CF10956A8397}.Debug|Any CPU.ActiveCfg = Debug|Any CPU
		{4DFEF707-EDFD-402D-81F5-CF10956A8397}.Debug|Any CPU.Build.0 = Debug|Any CPU
		{4DFEF707-EDFD-402D-81F5-CF10956A8397}.Release|Any CPU.ActiveCfg = Release|Any CPU
		{4DFEF707-EDFD-402D-81F5-CF10956A8397}.Release|Any CPU.Build.0 = Release|Any CPU
	EndGlobalSection
	GlobalSection(SolutionProperties) = preSolution
		HideSolutionNode = FALSE
	EndGlobalSection
	GlobalSection(ExtensibilityGlobals) = postSolution
		SolutionGuid = {A3DD5528-7197-403F-A2E5-01F833C6E288}
	EndGlobalSection
EndGlobal
